
Microsoft Visual Studio Solution File, Format Version 11.00
# Visual Studio 2010
Project("{FAE04EC0-301F-11D3-BF4B-00C04F79EFBC}") = "MorseCode", "MorseCode\MorseCode.csproj", "{997F21E4-1F7B-4F0F-926D-F58A65F1571B}"
EndProject
Project("{FAE04EC0-301F-11D3-BF4B-00C04F79EFBC}") = "MorseCodeLibrary", "MorseCodeLibrary\MorseCodeLibrary.csproj", "{75C5D99A-2BB5-4582-B7C6-0CA515F11F2C}"
EndProject
Global
	GlobalSection(SolutionConfigurationPlatforms) = preSolution
		Debug|Any CPU = Debug|Any CPU
		Release|Any CPU = Release|Any CPU
	EndGlobalSection
	GlobalSection(ProjectConfigurationPlatforms) = postSolution
		{997F21E4-1F7B-4F0F-926D-F58A65F1571B}.Debug|Any CPU.ActiveCfg = Debug|Any CPU
		{997F21E4-1F7B-4F0F-926D-F58A65F1571B}.Debug|Any CPU.Build.0 = Debug|Any CPU
		{997F21E4-1F7B-4F0F-926D-F58A65F1571B}.Debug|Any CPU.Deploy.0 = Debug|Any CPU
		{997F21E4-1F7B-4F0F-926D-F58A65F1571B}.Release|Any CPU.ActiveCfg = Release|Any CPU
		{997F21E4-1F7B-4F0F-926D-F58A65F1571B}.Release|Any CPU.Build.0 = Release|Any CPU
		{997F21E4-1F7B-4F0F-926D-F58A65F1571B}.Release|Any CPU.Deploy.0 = Release|Any CPU
		{75C5D99A-2BB5-4582-B7C6-0CA515F11F2C}.Debug|Any CPU.ActiveCfg = Debug|Any CPU
		{75C5D99A-2BB5-4582-B7C6-0CA515F11F2C}.Debug|Any CPU.Build.0 = Debug|Any CPU
		{75C5D99A-2BB5-4582-B7C6-0CA515F11F2C}.Release|Any CPU.ActiveCfg = Release|Any CPU
		{75C5D99A-2BB5-4582-B7C6-0CA515F11F2C}.Release|Any CPU.Build.0 = Release|Any CPU
	EndGlobalSection
	GlobalSection(SolutionProperties) = preSolution
		HideSolutionNode = FALSE
	EndGlobalSection
EndGlobal
